
Microsoft Visual Studio Solution File, Format Version 12.00
# Visual Studio Version 16
VisualStudioVersion = 16.0.30717.126
MinimumVisualStudioVersion = 10.0.40219.1
Project("{FAE04EC0-301F-11D3-BF4B-00C04F79EFBC}") = "Exercise-025-Class-person", "Exercise-025-Class-person\Exercise-025-Class-person.csproj", "{AF9E20B7-0DED-475C-8DF7-91C9C3AD02B2}"
EndProject
Global
	GlobalSection(SolutionConfigurationPlatforms) = preSolution
		Debug|Any CPU = Debug|Any CPU
		Release|Any CPU = Release|Any CPU
	EndGlobalSection
	GlobalSection(ProjectConfigurationPlatforms) = postSolution
		{AF9E20B7-0DED-475C-8DF7-91C9C3AD02B2}.Debug|Any CPU.ActiveCfg = Debug|Any CPU
		{AF9E20B7-0DED-475C-8DF7-91C9C3AD02B2}.Debug|Any CPU.Build.0 = Debug|Any CPU
		{AF9E20B7-0DED-475C-8DF7-91C9C3AD02B2}.Release|Any CPU.ActiveCfg = Release|Any CPU
		{AF9E20B7-0DED-475C-8DF7-91C9C3AD02B2}.Release|Any CPU.Build.0 = Release|Any CPU
	EndGlobalSection
	GlobalSection(SolutionProperties) = preSolution
		HideSolutionNode = FALSE
	EndGlobalSection
	GlobalSection(ExtensibilityGlobals) = postSolution
		SolutionGuid = {706EF4B0-CC17-4D4F-A1E6-D40C37629914}
	EndGlobalSection
EndGlobal
