
Microsoft Visual Studio Solution File, Format Version 12.00
# Visual Studio Version 16
VisualStudioVersion = 16.0.30717.126
MinimumVisualStudioVersion = 10.0.40219.1
Project("{FAE04EC0-301F-11D3-BF4B-00C04F79EFBC}") = "Exercise-015-Password-reader", "Exercise-015-Password-reader\Exercise-015-Password-reader.csproj", "{9E83A28A-8DAE-42ED-9854-34EAA7985D34}"
EndProject
Global
	GlobalSection(SolutionConfigurationPlatforms) = preSolution
		Debug|Any CPU = Debug|Any CPU
		Release|Any CPU = Release|Any CPU
	EndGlobalSection
	GlobalSection(ProjectConfigurationPlatforms) = postSolution
		{9E83A28A-8DAE-42ED-9854-34EAA7985D34}.Debug|Any CPU.ActiveCfg = Debug|Any CPU
		{9E83A28A-8DAE-42ED-9854-34EAA7985D34}.Debug|Any CPU.Build.0 = Debug|Any CPU
		{9E83A28A-8DAE-42ED-9854-34EAA7985D34}.Release|Any CPU.ActiveCfg = Release|Any CPU
		{9E83A28A-8DAE-42ED-9854-34EAA7985D34}.Release|Any CPU.Build.0 = Release|Any CPU
	EndGlobalSection
	GlobalSection(SolutionProperties) = preSolution
		HideSolutionNode = FALSE
	EndGlobalSection
	GlobalSection(ExtensibilityGlobals) = postSolution
		SolutionGuid = {B4FF921D-AEA7-4BC6-9D80-0AE7C9CAD665}
	EndGlobalSection
EndGlobal
