
Microsoft Visual Studio Solution File, Format Version 12.00
# Visual Studio Version 16
VisualStudioVersion = 16.0.30717.126
MinimumVisualStudioVersion = 10.0.40219.1
Project("{FAE04EC0-301F-11D3-BF4B-00C04F79EFBC}") = "Exercise-033-List-of-employees", "Exercise-033-List-of-employees\Exercise-033-List-of-employees.csproj", "{FA136568-B2AD-44B6-A674-D03FB7035D5B}"
EndProject
Global
	GlobalSection(SolutionConfigurationPlatforms) = preSolution
		Debug|Any CPU = Debug|Any CPU
		Release|Any CPU = Release|Any CPU
	EndGlobalSection
	GlobalSection(ProjectConfigurationPlatforms) = postSolution
		{FA136568-B2AD-44B6-A674-D03FB7035D5B}.Debug|Any CPU.ActiveCfg = Debug|Any CPU
		{FA136568-B2AD-44B6-A674-D03FB7035D5B}.Debug|Any CPU.Build.0 = Debug|Any CPU
		{FA136568-B2AD-44B6-A674-D03FB7035D5B}.Release|Any CPU.ActiveCfg = Release|Any CPU
		{FA136568-B2AD-44B6-A674-D03FB7035D5B}.Release|Any CPU.Build.0 = Release|Any CPU
	EndGlobalSection
	GlobalSection(SolutionProperties) = preSolution
		HideSolutionNode = FALSE
	EndGlobalSection
	GlobalSection(ExtensibilityGlobals) = postSolution
		SolutionGuid = {46D2106F-15D9-4EA4-A6C6-92D4CFA51464}
	EndGlobalSection
EndGlobal
