
Microsoft Visual Studio Solution File, Format Version 12.00
# Visual Studio Version 16
VisualStudioVersion = 16.0.30717.126
MinimumVisualStudioVersion = 10.0.40219.1
Project("{FAE04EC0-301F-11D3-BF4B-00C04F79EFBC}") = "Exercise-018-Odd-numbers", "Exercise-018-Odd-numbers\Exercise-018-Odd-numbers.csproj", "{E8362E43-50D8-4DAF-B02F-868DCF93AEF2}"
EndProject
Global
	GlobalSection(SolutionConfigurationPlatforms) = preSolution
		Debug|Any CPU = Debug|Any CPU
		Release|Any CPU = Release|Any CPU
	EndGlobalSection
	GlobalSection(ProjectConfigurationPlatforms) = postSolution
		{E8362E43-50D8-4DAF-B02F-868DCF93AEF2}.Debug|Any CPU.ActiveCfg = Debug|Any CPU
		{E8362E43-50D8-4DAF-B02F-868DCF93AEF2}.Debug|Any CPU.Build.0 = Debug|Any CPU
		{E8362E43-50D8-4DAF-B02F-868DCF93AEF2}.Release|Any CPU.ActiveCfg = Release|Any CPU
		{E8362E43-50D8-4DAF-B02F-868DCF93AEF2}.Release|Any CPU.Build.0 = Release|Any CPU
	EndGlobalSection
	GlobalSection(SolutionProperties) = preSolution
		HideSolutionNode = FALSE
	EndGlobalSection
	GlobalSection(ExtensibilityGlobals) = postSolution
		SolutionGuid = {B96E4326-A078-4D06-BE2C-C6502B01DF72}
	EndGlobalSection
EndGlobal
