
Microsoft Visual Studio Solution File, Format Version 12.00
# Visual Studio Version 16
VisualStudioVersion = 16.0.30717.126
MinimumVisualStudioVersion = 10.0.40219.1
Project("{FAE04EC0-301F-11D3-BF4B-00C04F79EFBC}") = "Exercise-011-Snack-bar-prices", "Exercise-011-Snack-bar-prices\Exercise-011-Snack-bar-prices.csproj", "{1ABCD220-F87E-44FA-B8F4-32435A21EC5A}"
EndProject
Global
	GlobalSection(SolutionConfigurationPlatforms) = preSolution
		Debug|Any CPU = Debug|Any CPU
		Release|Any CPU = Release|Any CPU
	EndGlobalSection
	GlobalSection(ProjectConfigurationPlatforms) = postSolution
		{1ABCD220-F87E-44FA-B8F4-32435A21EC5A}.Debug|Any CPU.ActiveCfg = Debug|Any CPU
		{1ABCD220-F87E-44FA-B8F4-32435A21EC5A}.Debug|Any CPU.Build.0 = Debug|Any CPU
		{1ABCD220-F87E-44FA-B8F4-32435A21EC5A}.Release|Any CPU.ActiveCfg = Release|Any CPU
		{1ABCD220-F87E-44FA-B8F4-32435A21EC5A}.Release|Any CPU.Build.0 = Release|Any CPU
	EndGlobalSection
	GlobalSection(SolutionProperties) = preSolution
		HideSolutionNode = FALSE
	EndGlobalSection
	GlobalSection(ExtensibilityGlobals) = postSolution
		SolutionGuid = {066B72A4-A0EF-4AE8-A3BE-46DC9B991C1D}
	EndGlobalSection
EndGlobal
