
Microsoft Visual Studio Solution File, Format Version 12.00
# Visual Studio Version 16
VisualStudioVersion = 16.0.30717.126
MinimumVisualStudioVersion = 10.0.40219.1
Project("{FAE04EC0-301F-11D3-BF4B-00C04F79EFBC}") = "Exercise-017-Gas-station", "Exercise-017-Gas-station\Exercise-017-Gas-station.csproj", "{1EF8C721-E4D6-456A-B130-519591DA652A}"
EndProject
Global
	GlobalSection(SolutionConfigurationPlatforms) = preSolution
		Debug|Any CPU = Debug|Any CPU
		Release|Any CPU = Release|Any CPU
	EndGlobalSection
	GlobalSection(ProjectConfigurationPlatforms) = postSolution
		{1EF8C721-E4D6-456A-B130-519591DA652A}.Debug|Any CPU.ActiveCfg = Debug|Any CPU
		{1EF8C721-E4D6-456A-B130-519591DA652A}.Debug|Any CPU.Build.0 = Debug|Any CPU
		{1EF8C721-E4D6-456A-B130-519591DA652A}.Release|Any CPU.ActiveCfg = Release|Any CPU
		{1EF8C721-E4D6-456A-B130-519591DA652A}.Release|Any CPU.Build.0 = Release|Any CPU
	EndGlobalSection
	GlobalSection(SolutionProperties) = preSolution
		HideSolutionNode = FALSE
	EndGlobalSection
	GlobalSection(ExtensibilityGlobals) = postSolution
		SolutionGuid = {2FCD9B37-B5C4-40D8-B756-D94358A741F0}
	EndGlobalSection
EndGlobal
