
Microsoft Visual Studio Solution File, Format Version 12.00
# Visual Studio Version 16
VisualStudioVersion = 16.0.30717.126
MinimumVisualStudioVersion = 10.0.40219.1
Project("{FAE04EC0-301F-11D3-BF4B-00C04F79EFBC}") = "Exercise-034-Negative-values-of-a-matrix", "Exercise-034-Negative-values-of-a-matrix\Exercise-034-Negative-values-of-a-matrix.csproj", "{A0316BE2-2BD5-489F-8274-D224170A6612}"
EndProject
Global
	GlobalSection(SolutionConfigurationPlatforms) = preSolution
		Debug|Any CPU = Debug|Any CPU
		Release|Any CPU = Release|Any CPU
	EndGlobalSection
	GlobalSection(ProjectConfigurationPlatforms) = postSolution
		{A0316BE2-2BD5-489F-8274-D224170A6612}.Debug|Any CPU.ActiveCfg = Debug|Any CPU
		{A0316BE2-2BD5-489F-8274-D224170A6612}.Debug|Any CPU.Build.0 = Debug|Any CPU
		{A0316BE2-2BD5-489F-8274-D224170A6612}.Release|Any CPU.ActiveCfg = Release|Any CPU
		{A0316BE2-2BD5-489F-8274-D224170A6612}.Release|Any CPU.Build.0 = Release|Any CPU
	EndGlobalSection
	GlobalSection(SolutionProperties) = preSolution
		HideSolutionNode = FALSE
	EndGlobalSection
	GlobalSection(ExtensibilityGlobals) = postSolution
		SolutionGuid = {2F33C689-AAFF-4DDE-AABA-A9CCA092A518}
	EndGlobalSection
EndGlobal
