
Microsoft Visual Studio Solution File, Format Version 12.00
# Visual Studio Version 16
VisualStudioVersion = 16.0.30717.126
MinimumVisualStudioVersion = 10.0.40219.1
Project("{FAE04EC0-301F-11D3-BF4B-00C04F79EFBC}") = "Exercise-022-Factorial", "Exercise-022-Factorial\Exercise-022-Factorial.csproj", "{96D50EB8-4903-4B3E-95C3-103F680A6A65}"
EndProject
Global
	GlobalSection(SolutionConfigurationPlatforms) = preSolution
		Debug|Any CPU = Debug|Any CPU
		Release|Any CPU = Release|Any CPU
	EndGlobalSection
	GlobalSection(ProjectConfigurationPlatforms) = postSolution
		{96D50EB8-4903-4B3E-95C3-103F680A6A65}.Debug|Any CPU.ActiveCfg = Debug|Any CPU
		{96D50EB8-4903-4B3E-95C3-103F680A6A65}.Debug|Any CPU.Build.0 = Debug|Any CPU
		{96D50EB8-4903-4B3E-95C3-103F680A6A65}.Release|Any CPU.ActiveCfg = Release|Any CPU
		{96D50EB8-4903-4B3E-95C3-103F680A6A65}.Release|Any CPU.Build.0 = Release|Any CPU
	EndGlobalSection
	GlobalSection(SolutionProperties) = preSolution
		HideSolutionNode = FALSE
	EndGlobalSection
	GlobalSection(ExtensibilityGlobals) = postSolution
		SolutionGuid = {A8CBF093-1BA8-4ED2-9B9E-B19FA0E78222}
	EndGlobalSection
EndGlobal
