
Microsoft Visual Studio Solution File, Format Version 12.00
# Visual Studio Version 16
VisualStudioVersion = 16.0.30717.126
MinimumVisualStudioVersion = 10.0.40219.1
Project("{FAE04EC0-301F-11D3-BF4B-00C04F79EFBC}") = "Exercise-007-Positive-or-negative-numbers", "Exercise-007-Positive-or-negative-numbers\Exercise-007-Positive-or-negative-numbers.csproj", "{FA468B44-403A-49CB-9DD8-FAC1F62ECA07}"
EndProject
Global
	GlobalSection(SolutionConfigurationPlatforms) = preSolution
		Debug|Any CPU = Debug|Any CPU
		Release|Any CPU = Release|Any CPU
	EndGlobalSection
	GlobalSection(ProjectConfigurationPlatforms) = postSolution
		{FA468B44-403A-49CB-9DD8-FAC1F62ECA07}.Debug|Any CPU.ActiveCfg = Debug|Any CPU
		{FA468B44-403A-49CB-9DD8-FAC1F62ECA07}.Debug|Any CPU.Build.0 = Debug|Any CPU
		{FA468B44-403A-49CB-9DD8-FAC1F62ECA07}.Release|Any CPU.ActiveCfg = Release|Any CPU
		{FA468B44-403A-49CB-9DD8-FAC1F62ECA07}.Release|Any CPU.Build.0 = Release|Any CPU
	EndGlobalSection
	GlobalSection(SolutionProperties) = preSolution
		HideSolutionNode = FALSE
	EndGlobalSection
	GlobalSection(ExtensibilityGlobals) = postSolution
		SolutionGuid = {CAAAB897-F699-4961-8D8F-3779495CF7FD}
	EndGlobalSection
EndGlobal
