
Microsoft Visual Studio Solution File, Format Version 12.00
# Visual Studio Version 16
VisualStudioVersion = 16.0.30717.126
MinimumVisualStudioVersion = 10.0.40219.1
Project("{FAE04EC0-301F-11D3-BF4B-00C04F79EFBC}") = "Exercise-044-Vote-counting", "Exercise-044-Vote-counting\Exercise-044-Vote-counting.csproj", "{843227BC-A16B-4657-B7D6-25FE998697F9}"
EndProject
Global
	GlobalSection(SolutionConfigurationPlatforms) = preSolution
		Debug|Any CPU = Debug|Any CPU
		Release|Any CPU = Release|Any CPU
	EndGlobalSection
	GlobalSection(ProjectConfigurationPlatforms) = postSolution
		{843227BC-A16B-4657-B7D6-25FE998697F9}.Debug|Any CPU.ActiveCfg = Debug|Any CPU
		{843227BC-A16B-4657-B7D6-25FE998697F9}.Debug|Any CPU.Build.0 = Debug|Any CPU
		{843227BC-A16B-4657-B7D6-25FE998697F9}.Release|Any CPU.ActiveCfg = Release|Any CPU
		{843227BC-A16B-4657-B7D6-25FE998697F9}.Release|Any CPU.Build.0 = Release|Any CPU
	EndGlobalSection
	GlobalSection(SolutionProperties) = preSolution
		HideSolutionNode = FALSE
	EndGlobalSection
	GlobalSection(ExtensibilityGlobals) = postSolution
		SolutionGuid = {BFAEE1A9-5CE9-4E57-92A9-111C9868C477}
	EndGlobalSection
EndGlobal
