
Microsoft Visual Studio Solution File, Format Version 12.00
# Visual Studio Version 16
VisualStudioVersion = 16.0.30717.126
MinimumVisualStudioVersion = 10.0.40219.1
Project("{FAE04EC0-301F-11D3-BF4B-00C04F79EFBC}") = "Exercise-026-Class-employee", "Exercise-026-Class-employee\Exercise-026-Class-employee.csproj", "{0D5E0BAE-06CC-41B3-9E2E-DD7BF25DA00E}"
EndProject
Global
	GlobalSection(SolutionConfigurationPlatforms) = preSolution
		Debug|Any CPU = Debug|Any CPU
		Release|Any CPU = Release|Any CPU
	EndGlobalSection
	GlobalSection(ProjectConfigurationPlatforms) = postSolution
		{0D5E0BAE-06CC-41B3-9E2E-DD7BF25DA00E}.Debug|Any CPU.ActiveCfg = Debug|Any CPU
		{0D5E0BAE-06CC-41B3-9E2E-DD7BF25DA00E}.Debug|Any CPU.Build.0 = Debug|Any CPU
		{0D5E0BAE-06CC-41B3-9E2E-DD7BF25DA00E}.Release|Any CPU.ActiveCfg = Release|Any CPU
		{0D5E0BAE-06CC-41B3-9E2E-DD7BF25DA00E}.Release|Any CPU.Build.0 = Release|Any CPU
	EndGlobalSection
	GlobalSection(SolutionProperties) = preSolution
		HideSolutionNode = FALSE
	EndGlobalSection
	GlobalSection(ExtensibilityGlobals) = postSolution
		SolutionGuid = {4080EC30-5059-4F2D-A9C2-2278EF025B3A}
	EndGlobalSection
EndGlobal
